// !$*UTF8*$!
{
	archiveVersion = 1;
	classes = {
	};
	objectVersion = 50;
	objects = {

/* Begin PBXBuildFile section */
		83EE011C28F0E032004C2D12 /* main.cpp in Sources */ = {isa = PBXBuildFile; fileRef = 83EE011B28F0E032004C2D12 /* main.cpp */; };
		83EE012328F0E0E8004C2D12 /* NodoSTR.cpp in Sources */ = {isa = PBXBuildFile; fileRef = 83EE012128F0E0E8004C2D12 /* NodoSTR.cpp */; };
		83EE012428F0E0E8004C2D12 /* LinkedListOfString.cpp in Sources */ = {isa = PBXBuildFile; fileRef = 83EE012228F0E0E8004C2D12 /* LinkedListOfString.cpp */; };
		83F4949929037FBE00E3B54E /* NodoAcidente.cpp in Sources */ = {isa = PBXBuildFile; fileRef = 83F4949729037FBE00E3B54E /* NodoAcidente.cpp */; };
		83F4949D2903897600E3B54E /* LinkedListOfAcidente.cpp in Sources */ = {isa = PBXBuildFile; fileRef = 83F4949B2903897600E3B54E /* LinkedListOfAcidente.cpp */; };
/* End PBXBuildFile section */

/* Begin PBXCopyFilesBuildPhase section */
		83EE010D28F0DFD5004C2D12 /* CopyFiles */ = {
			isa = PBXCopyFilesBuildPhase;
			buildActionMask = 2147483647;
			dstPath = /usr/share/man/man1/;
			dstSubfolderSpec = 0;
			files = (
			);
			runOnlyForDeploymentPostprocessing = 1;
		};
/* End PBXCopyFilesBuildPhase section */

/* Begin PBXFileReference section */
		83EE010F28F0DFD5004C2D12 /* LeCSV */ = {isa = PBXFileReference; explicitFileType = "compiled.mach-o.executable"; includeInIndex = 0; path = LeCSV; sourceTree = BUILT_PRODUCTS_DIR; };
		83EE011B28F0E032004C2D12 /* main.cpp */ = {isa = PBXFileReference; fileEncoding = 4; lastKnownFileType = sourcecode.cpp.cpp; path = main.cpp; sourceTree = "<group>"; };
		83EE011F28F0E0E8004C2D12 /* LinkedListOfString.h */ = {isa = PBXFileReference; fileEncoding = 4; lastKnownFileType = sourcecode.c.h; path = LinkedListOfString.h; sourceTree = "<group>"; };
		83EE012028F0E0E8004C2D12 /* NodoSTR.h */ = {isa = PBXFileReference; fileEncoding = 4; lastKnownFileType = sourcecode.c.h; path = NodoSTR.h; sourceTree = "<group>"; };
		83EE012128F0E0E8004C2D12 /* NodoSTR.cpp */ = {isa = PBXFileReference; fileEncoding = 4; lastKnownFileType = sourcecode.cpp.cpp; path = NodoSTR.cpp; sourceTree = "<group>"; };
		83EE012228F0E0E8004C2D12 /* LinkedListOfString.cpp */ = {isa = PBXFileReference; fileEncoding = 4; lastKnownFileType = sourcecode.cpp.cpp; path = LinkedListOfString.cpp; sourceTree = "<group>"; };
		83F4949729037FBE00E3B54E /* NodoAcidente.cpp */ = {isa = PBXFileReference; lastKnownFileType = sourcecode.cpp.cpp; path = NodoAcidente.cpp; sourceTree = "<group>"; };
		83F4949829037FBE00E3B54E /* NodoAcidente.h */ = {isa = PBXFileReference; lastKnownFileType = sourcecode.c.h; path = NodoAcidente.h; sourceTree = "<group>"; };
		83F4949B2903897600E3B54E /* LinkedListOfAcidente.cpp */ = {isa = PBXFileReference; fileEncoding = 4; lastKnownFileType = sourcecode.cpp.cpp; path = LinkedListOfAcidente.cpp; sourceTree = "<group>"; };
		83F4949C2903897600E3B54E /* LinkedListOfAcidente.h */ = {isa = PBXFileReference; fileEncoding = 4; lastKnownFileType = sourcecode.c.h; path = LinkedListOfAcidente.h; sourceTree = "<group>"; };
/* End PBXFileReference section */

/* Begin PBXFrameworksBuildPhase section */
		83EE010C28F0DFD5004C2D12 /* Frameworks */ = {
			isa = PBXFrameworksBuildPhase;
			buildActionMask = 2147483647;
			files = (
			);
			runOnlyForDeploymentPostprocessing = 0;
		};
/* End PBXFrameworksBuildPhase section */

/* Begin PBXGroup section */
		83EE010628F0DFD5004C2D12 = {
			isa = PBXGroup;
			children = (
				83EE011B28F0E032004C2D12 /* main.cpp */,
				83F4949729037FBE00E3B54E /* NodoAcidente.cpp */,
				83F4949829037FBE00E3B54E /* NodoAcidente.h */,
				83F4949B2903897600E3B54E /* LinkedListOfAcidente.cpp */,
				83F4949C2903897600E3B54E /* LinkedListOfAcidente.h */,
				83EE012228F0E0E8004C2D12 /* LinkedListOfString.cpp */,
				83EE011F28F0E0E8004C2D12 /* LinkedListOfString.h */,
				83EE012128F0E0E8004C2D12 /* NodoSTR.cpp */,
				83EE012028F0E0E8004C2D12 /* NodoSTR.h */,
				83EE011028F0DFD5004C2D12 /* Products */,
			);
			sourceTree = "<group>";
		};
		83EE011028F0DFD5004C2D12 /* Products */ = {
			isa = PBXGroup;
			children = (
				83EE010F28F0DFD5004C2D12 /* LeCSV */,
			);
			name = Products;
			sourceTree = "<group>";
		};
/* End PBXGroup section */

/* Begin PBXNativeTarget section */
		83EE010E28F0DFD5004C2D12 /* LeCSV */ = {
			isa = PBXNativeTarget;
			buildConfigurationList = 83EE011628F0DFD5004C2D12 /* Build configuration list for PBXNativeTarget "LeCSV" */;
			buildPhases = (
				83EE010B28F0DFD5004C2D12 /* Sources */,
				83EE010C28F0DFD5004C2D12 /* Frameworks */,
				83EE010D28F0DFD5004C2D12 /* CopyFiles */,
			);
			buildRules = (
			);
			dependencies = (
			);
			name = LeCSV;
			productName = LeCSV;
			productReference = 83EE010F28F0DFD5004C2D12 /* LeCSV */;
			productType = "com.apple.product-type.tool";
		};
/* End PBXNativeTarget section */

/* Begin PBXProject section */
		83EE010728F0DFD5004C2D12 /* Project object */ = {
			isa = PBXProject;
			attributes = {
				LastUpgradeCheck = 1240;
				TargetAttributes = {
					83EE010E28F0DFD5004C2D12 = {
						CreatedOnToolsVersion = 12.4;
					};
				};
			};
			buildConfigurationList = 83EE010A28F0DFD5004C2D12 /* Build configuration list for PBXProject "LeCSV" */;
			compatibilityVersion = "Xcode 9.3";
			developmentRegion = en;
			hasScannedForEncodings = 0;
			knownRegions = (
				en,
				Base,
			);
			mainGroup = 83EE010628F0DFD5004C2D12;
			productRefGroup = 83EE011028F0DFD5004C2D12 /* Products */;
			projectDirPath = "";
			projectRoot = "";
			targets = (
				83EE010E28F0DFD5004C2D12 /* LeCSV */,
			);
		};
/* End PBXProject section */

/* Begin PBXSourcesBuildPhase section */
		83EE010B28F0DFD5004C2D12 /* Sources */ = {
			isa = PBXSourcesBuildPhase;
			buildActionMask = 2147483647;
			files = (
				83EE011C28F0E032004C2D12 /* main.cpp in Sources */,
				83EE012428F0E0E8004C2D12 /* LinkedListOfString.cpp in Sources */,
				83F4949D2903897600E3B54E /* LinkedListOfAcidente.cpp in Sources */,
				83F4949929037FBE00E3B54E /* NodoAcidente.cpp in Sources */,
				83EE012328F0E0E8004C2D12 /* NodoSTR.cpp in Sources */,
			);
			runOnlyForDeploymentPostprocessing = 0;
		};
/* End PBXSourcesBuildPhase section */

/* Begin XCBuildConfiguration section */
		83EE011428F0DFD5004C2D12 /* Debug */ = {
			isa = XCBuildConfiguration;
			buildSettings = {
				ALWAYS_SEARCH_USER_PATHS = NO;
				CLANG_ANALYZER_NONNULL = YES;
				CLANG_ANALYZER_NUMBER_OBJECT_CONVERSION = YES_AGGRESSIVE;
				CLANG_CXX_LANGUAGE_STANDARD = "gnu++14";
				CLANG_CXX_LIBRARY = "libc++";
				CLANG_ENABLE_MODULES = YES;
				CLANG_ENABLE_OBJC_ARC = YES;
				CLANG_ENABLE_OBJC_WEAK = YES;
				CLANG_WARN_BLOCK_CAPTURE_AUTORELEASING = YES;
				CLANG_WARN_BOOL_CONVERSION = YES;
				CLANG_WARN_COMMA = YES;
				CLANG_WARN_CONSTANT_CONVERSION = YES;
				CLANG_WARN_DEPRECATED_OBJC_IMPLEMENTATIONS = YES;
				CLANG_WARN_DIRECT_OBJC_ISA_USAGE = YES_ERROR;
				CLANG_WARN_DOCUMENTATION_COMMENTS = YES;
				CLANG_WARN_EMPTY_BODY = YES;
				CLANG_WARN_ENUM_CONVERSION = YES;
				CLANG_WARN_INFINITE_RECURSION = YES;
				CLANG_WARN_INT_CONVERSION = YES;
				CLANG_WARN_NON_LITERAL_NULL_CONVERSION = YES;
				CLANG_WARN_OBJC_IMPLICIT_RETAIN_SELF = YES;
				CLANG_WARN_OBJC_LITERAL_CONVERSION = YES;
				CLANG_WARN_OBJC_ROOT_CLASS = YES_ERROR;
				CLANG_WARN_QUOTED_INCLUDE_IN_FRAMEWORK_HEADER = YES;
				CLANG_WARN_RANGE_LOOP_ANALYSIS = YES;
				CLANG_WARN_STRICT_PROTOTYPES = YES;
				CLANG_WARN_SUSPICIOUS_MOVE = YES;
				CLANG_WARN_UNGUARDED_AVAILABILITY = YES_AGGRESSIVE;
				CLANG_WARN_UNREACHABLE_CODE = YES;
				CLANG_WARN__DUPLICATE_METHOD_MATCH = YES;
				COPY_PHASE_STRIP = NO;
				DEBUG_INFORMATION_FORMAT = dwarf;
				ENABLE_STRICT_OBJC_MSGSEND = YES;
				ENABLE_TESTABILITY = YES;
				GCC_C_LANGUAGE_STANDARD = gnu11;
				GCC_DYNAMIC_NO_PIC = NO;
				GCC_NO_COMMON_BLOCKS = YES;
				GCC_OPTIMIZATION_LEVEL = 0;
				GCC_PREPROCESSOR_DEFINITIONS = (
					"DEBUG=1",
					"$(inherited)",
				);
				GCC_WARN_64_TO_32_BIT_CONVERSION = YES;
				GCC_WARN_ABOUT_RETURN_TYPE = YES_ERROR;
				GCC_WARN_UNDECLARED_SELECTOR = YES;
				GCC_WARN_UNINITIALIZED_AUTOS = YES_AGGRESSIVE;
				GCC_WARN_UNUSED_FUNCTION = YES;
				GCC_WARN_UNUSED_VARIABLE = YES;
				MACOSX_DEPLOYMENT_TARGET = 11.1;
				MTL_ENABLE_DEBUG_INFO = INCLUDE_SOURCE;
				MTL_FAST_MATH = YES;
				ONLY_ACTIVE_ARCH = YES;
				SDKROOT = macosx;
			};
			name = Debug;
		};
		83EE011528F0DFD5004C2D12 /* Release */ = {
			isa = XCBuildConfiguration;
			buildSettings = {
				ALWAYS_SEARCH_USER_PATHS = NO;
				CLANG_ANALYZER_NONNULL = YES;
				CLANG_ANALYZER_NUMBER_OBJECT_CONVERSION = YES_AGGRESSIVE;
				CLANG_CXX_LANGUAGE_STANDARD = "gnu++14";
				CLANG_CXX_LIBRARY = "libc++";
				CLANG_ENABLE_MODULES = YES;
				CLANG_ENABLE_OBJC_ARC = YES;
				CLANG_ENABLE_OBJC_WEAK = YES;
				CLANG_WARN_BLOCK_CAPTURE_AUTORELEASING = YES;
				CLANG_WARN_BOOL_CONVERSION = YES;
				CLANG_WARN_COMMA = YES;
				CLANG_WARN_CONSTANT_CONVERSION = YES;
				CLANG_WARN_DEPRECATED_OBJC_IMPLEMENTATIONS = YES;
				CLANG_WARN_DIRECT_OBJC_ISA_USAGE = YES_ERROR;
				CLANG_WARN_DOCUMENTATION_COMMENTS = YES;
				CLANG_WARN_EMPTY_BODY = YES;
				CLANG_WARN_ENUM_CONVERSION = YES;
				CLANG_WARN_INFINITE_RECURSION = YES;
				CLANG_WARN_INT_CONVERSION = YES;
				CLANG_WARN_NON_LITERAL_NULL_CONVERSION = YES;
				CLANG_WARN_OBJC_IMPLICIT_RETAIN_SELF = YES;
				CLANG_WARN_OBJC_LITERAL_CONVERSION = YES;
				CLANG_WARN_OBJC_ROOT_CLASS = YES_ERROR;
				CLANG_WARN_QUOTED_INCLUDE_IN_FRAMEWORK_HEADER = YES;
				CLANG_WARN_RANGE_LOOP_ANALYSIS = YES;
				CLANG_WARN_STRICT_PROTOTYPES = YES;
				CLANG_WARN_SUSPICIOUS_MOVE = YES;
				CLANG_WARN_UNGUARDED_AVAILABILITY = YES_AGGRESSIVE;
				CLANG_WARN_UNREACHABLE_CODE = YES;
				CLANG_WARN__DUPLICATE_METHOD_MATCH = YES;
				COPY_PHASE_STRIP = NO;
				DEBUG_INFORMATION_FORMAT = "dwarf-with-dsym";
				ENABLE_NS_ASSERTIONS = NO;
				ENABLE_STRICT_OBJC_MSGSEND = YES;
				GCC_C_LANGUAGE_STANDARD = gnu11;
				GCC_NO_COMMON_BLOCKS = YES;
				GCC_WARN_64_TO_32_BIT_CONVERSION = YES;
				GCC_WARN_ABOUT_RETURN_TYPE = YES_ERROR;
				GCC_WARN_UNDECLARED_SELECTOR = YES;
				GCC_WARN_UNINITIALIZED_AUTOS = YES_AGGRESSIVE;
				GCC_WARN_UNUSED_FUNCTION = YES;
				GCC_WARN_UNUSED_VARIABLE = YES;
				MACOSX_DEPLOYMENT_TARGET = 11.1;
				MTL_ENABLE_DEBUG_INFO = NO;
				MTL_FAST_MATH = YES;
				SDKROOT = macosx;
			};
			name = Release;
		};
		83EE011728F0DFD5004C2D12 /* Debug */ = {
			isa = XCBuildConfiguration;
			buildSettings = {
				CODE_SIGN_STYLE = Automatic;
				PRODUCT_NAME = "$(TARGET_NAME)";
			};
			name = Debug;
		};
		83EE011828F0DFD5004C2D12 /* Release */ = {
			isa = XCBuildConfiguration;
			buildSettings = {
				CODE_SIGN_STYLE = Automatic;
				PRODUCT_NAME = "$(TARGET_NAME)";
			};
			name = Release;
		};
/* End XCBuildConfiguration section */

/* Begin XCConfigurationList section */
		83EE010A28F0DFD5004C2D12 /* Build configuration list for PBXProject "LeCSV" */ = {
			isa = XCConfigurationList;
			buildConfigurations = (
				83EE011428F0DFD5004C2D12 /* Debug */,
				83EE011528F0DFD5004C2D12 /* Release */,
			);
			defaultConfigurationIsVisible = 0;
			defaultConfigurationName = Release;
		};
		83EE011628F0DFD5004C2D12 /* Build configuration list for PBXNativeTarget "LeCSV" */ = {
			isa = XCConfigurationList;
			buildConfigurations = (
				83EE011728F0DFD5004C2D12 /* Debug */,
				83EE011828F0DFD5004C2D12 /* Release */,
			);
			defaultConfigurationIsVisible = 0;
			defaultConfigurationName = Release;
		};
/* End XCConfigurationList section */
	};
	rootObject = 83EE010728F0DFD5004C2D12 /* Project object */;
}
